github.com/GinMu/golang-learning v0.0.0-20191210042344-7feec1535d5f h1:594hYw3DLrRID6PKYP5uSS66VrnXclU2Drh7IqimovE=
github.com/GinMu/golang-learning v0.0.0-20191210042344-7feec1535d5f/go.mod h1:6rxM7KMJdYrJCCvgmfcrtVg5tS9eRguE9qxSTT5S9Z8=
github.com/GinMu/golang-learning v0.0.0-20191210071516-b38b238cfbc6 h1:cpwCidXrCugxdw5hzGBW/O9+sGpwNO0cJQag/yTCM8M=
github.com/skip2/go-qrcode v0.0.0-20191027152451-9434209cb086 h1:RYiqpb2ii2Z6J4x0wxK46kvPBbFuZcdhS+CIztmYgZs=
github.com/skip2/go-qrcode v0.0.0-20191027152451-9434209cb086/go.mod h1:PLPIyL7ikehBD1OAjmKKiOEhbvWyHGaNDjquXMcYABo=
